
Microsoft Visual Studio Solution File, Format Version 12.00
# Visual Studio Version 16
VisualStudioVersion = 16.0.29230.47
MinimumVisualStudioVersion = 10.0.40219.1
Project("{9A19103F-16F7-4668-BE54-9A1E7A4F7556}") = "MolecularHydrogenGUI", "MolecularHydrogenGUI.csproj", "{FE2A4505-DF16-4637-8288-6B807CDD192B}"
EndProject
Global
	GlobalSection(SolutionConfigurationPlatforms) = preSolution
		Debug|Any CPU = Debug|Any CPU
		Release|Any CPU = Release|Any CPU
	EndGlobalSection
	GlobalSection(ProjectConfigurationPlatforms) = postSolution
		{FE2A4505-DF16-4637-8288-6B807CDD192B}.Debug|Any CPU.ActiveCfg = Debug|Any CPU
		{FE2A4505-DF16-4637-8288-6B807CDD192B}.Debug|Any CPU.Build.0 = Debug|Any CPU
		{FE2A4505-DF16-4637-8288-6B807CDD192B}.Release|Any CPU.ActiveCfg = Release|Any CPU
		{FE2A4505-DF16-4637-8288-6B807CDD192B}.Release|Any CPU.Build.0 = Release|Any CPU
	EndGlobalSection
	GlobalSection(SolutionProperties) = preSolution
		HideSolutionNode = FALSE
	EndGlobalSection
	GlobalSection(ExtensibilityGlobals) = postSolution
		SolutionGuid = {10585DCE-25FD-4FDA-9161-3BCBD02941BB}
	EndGlobalSection
EndGlobal
